# Generated by buf. DO NOT EDIT.
version: v2
deps:
  - name: buf.build/googleapis/googleapis
    commit: e93e34f48be043dab55be31b4b47f458
    digest: b5:cebe5dfac5f7d67c55296f37ad9d368dba8d9862777e69d5d99eb1d72dc95fa68cd6323b483ca42cf70e66060002c1bc36e1f5f754b217a5c771c108eb243dbf
  - name: buf.build/grpc-ecosystem/grpc-gateway
    commit: 4c5ba75caaf84e928b7137ae5c18c26a
    digest: b5:c113e62fb3b29289af785866cae062b55ec8ae19ab3f08f3004098928fbca657730a06810b2012951294326b95669547194fa84476b9e9b688d4f8bf77a0691d
  - name: buf.build/protocolbuffers/wellknowntypes
    commit: d4f14e5e0a9c40889c90d373c74e95eb
    digest: b5:39b4d0887abcd8ee1594086283f4120f688e1c33ec9ccd554ab0362ad9ad482154d0e07e3787d394bb22970930b452aac1c5c105c05efe129cec299ff5b5e05e
